
Microsoft Visual Studio Solution File, Format Version 12.00
# Visual Studio Version 17
VisualStudioVersion = 17.13.35825.156
MinimumVisualStudioVersion = 10.0.40219.1
Project("{FAE04EC0-301F-11D3-BF4B-00C04F79EFBC}") = "Dapper.Migrations", "src\Dapper.Migrations\Dapper.Migrations.csproj", "{66306B55-7483-49AA-9387-53707CDC85C7}"
EndProject
Project("{2150E333-8FDC-42A3-9474-1A3956D46DE8}") = "TEST", "TEST", "{02EA681E-C7D8-13C7-8484-4AC65E1B71E8}"
EndProject
Project("{FAE04EC0-301F-11D3-BF4B-00C04F79EFBC}") = "Dapper.Migrations.Tests", "test\Dapper.Migrations.Tests\Dapper.Migrations.Tests.csproj", "{EB7901C8-87D6-4CDF-84D9-63DD0AF4088A}"
EndProject
Project("{FAE04EC0-301F-11D3-BF4B-00C04F79EFBC}") = "Dapper.Migrations.SqlServer", "src\Dapper.Migrations.SqlServer\Dapper.Migrations.SqlServer.csproj", "{964EA7CA-1140-4AF2-BFB9-0970033C8853}"
EndProject
Global
	GlobalSection(SolutionConfigurationPlatforms) = preSolution
		Debug|Any CPU = Debug|Any CPU
		Release|Any CPU = Release|Any CPU
	EndGlobalSection
	GlobalSection(ProjectConfigurationPlatforms) = postSolution
		{66306B55-7483-49AA-9387-53707CDC85C7}.Debug|Any CPU.ActiveCfg = Debug|Any CPU
		{66306B55-7483-49AA-9387-53707CDC85C7}.Debug|Any CPU.Build.0 = Debug|Any CPU
		{66306B55-7483-49AA-9387-53707CDC85C7}.Release|Any CPU.ActiveCfg = Release|Any CPU
		{66306B55-7483-49AA-9387-53707CDC85C7}.Release|Any CPU.Build.0 = Release|Any CPU
		{EB7901C8-87D6-4CDF-84D9-63DD0AF4088A}.Debug|Any CPU.ActiveCfg = Debug|Any CPU
		{EB7901C8-87D6-4CDF-84D9-63DD0AF4088A}.Debug|Any CPU.Build.0 = Debug|Any CPU
		{EB7901C8-87D6-4CDF-84D9-63DD0AF4088A}.Release|Any CPU.ActiveCfg = Release|Any CPU
		{EB7901C8-87D6-4CDF-84D9-63DD0AF4088A}.Release|Any CPU.Build.0 = Release|Any CPU
		{964EA7CA-1140-4AF2-BFB9-0970033C8853}.Debug|Any CPU.ActiveCfg = Debug|Any CPU
		{964EA7CA-1140-4AF2-BFB9-0970033C8853}.Debug|Any CPU.Build.0 = Debug|Any CPU
		{964EA7CA-1140-4AF2-BFB9-0970033C8853}.Release|Any CPU.ActiveCfg = Release|Any CPU
		{964EA7CA-1140-4AF2-BFB9-0970033C8853}.Release|Any CPU.Build.0 = Release|Any CPU
	EndGlobalSection
	GlobalSection(SolutionProperties) = preSolution
		HideSolutionNode = FALSE
	EndGlobalSection
	GlobalSection(NestedProjects) = preSolution
		{EB7901C8-87D6-4CDF-84D9-63DD0AF4088A} = {02EA681E-C7D8-13C7-8484-4AC65E1B71E8}
	EndGlobalSection
	GlobalSection(ExtensibilityGlobals) = postSolution
		SolutionGuid = {C49D30F1-1B2D-441B-9517-39E3E3A1BF4F}
	EndGlobalSection
EndGlobal
